
Microsoft Visual Studio Solution File, Format Version 12.00
# Visual Studio 15
VisualStudioVersion = 15.0.28010.2048
MinimumVisualStudioVersion = 10.0.40219.1
Project("{FAE04EC0-301F-11D3-BF4B-00C04F79EFBC}") = "SubwayAutoTest", "SubwayAutoTest\SubwayAutoTest.csproj", "{AF448FB9-0B84-49A8-BDFC-EE2A08B49A98}"
EndProject
Global
	GlobalSection(SolutionConfigurationPlatforms) = preSolution
		Debug|Any CPU = Debug|Any CPU
		Release|Any CPU = Release|Any CPU
	EndGlobalSection
	GlobalSection(ProjectConfigurationPlatforms) = postSolution
		{AF448FB9-0B84-49A8-BDFC-EE2A08B49A98}.Debug|Any CPU.ActiveCfg = Debug|Any CPU
		{AF448FB9-0B84-49A8-BDFC-EE2A08B49A98}.Debug|Any CPU.Build.0 = Debug|Any CPU
		{AF448FB9-0B84-49A8-BDFC-EE2A08B49A98}.Release|Any CPU.ActiveCfg = Release|Any CPU
		{AF448FB9-0B84-49A8-BDFC-EE2A08B49A98}.Release|Any CPU.Build.0 = Release|Any CPU
	EndGlobalSection
	GlobalSection(SolutionProperties) = preSolution
		HideSolutionNode = FALSE
	EndGlobalSection
	GlobalSection(ExtensibilityGlobals) = postSolution
		SolutionGuid = {A69020CF-1B59-45B5-A9A9-3A6BFC87130E}
	EndGlobalSection
EndGlobal
